
Microsoft Visual Studio Solution File, Format Version 12.00
# Visual Studio Version 17
VisualStudioVersion = 17.0.31903.59
MinimumVisualStudioVersion = 10.0.40219.1
Project("{2150E333-8FDC-42A3-9474-1A3956D46DE8}") = "src", "src", "{827E0CD3-B72D-47B6-A68D-7590B98EB39B}"
EndProject
Project("{FAE04EC0-301F-11D3-BF4B-00C04F79EFBC}") = "AdbControl.Core", "src\AdbControl.Core\AdbControl.Core.csproj", "{C69044E0-A8E1-4571-90C4-5366A86CF0EA}"
EndProject
Project("{FAE04EC0-301F-11D3-BF4B-00C04F79EFBC}") = "AdbControl.Application", "src\AdbControl.Application\AdbControl.Application.csproj", "{345C3F0D-8852-4A5A-ACFA-7315145CD553}"
EndProject
Project("{FAE04EC0-301F-11D3-BF4B-00C04F79EFBC}") = "AdbControl.Infrastructure", "src\AdbControl.Infrastructure\AdbControl.Infrastructure.csproj", "{55DB89E8-7AB1-45C0-9C73-331F7CB657CB}"
EndProject
Project("{FAE04EC0-301F-11D3-BF4B-00C04F79EFBC}") = "AdbControl.Shell", "src\AdbControl.Shell\AdbControl.Shell.csproj", "{9FFFDE7D-3D8B-46E3-8699-711BBA3B7F0A}"
EndProject
Project("{FAE04EC0-301F-11D3-BF4B-00C04F79EFBC}") = "AdbControl.Tools.Home", "src\AdbControl.Tools.Home\AdbControl.Tools.Home.csproj", "{7EC605E2-95CB-4441-BE36-688FAC572E65}"
EndProject
Project("{FAE04EC0-301F-11D3-BF4B-00C04F79EFBC}") = "AdbControl.Tools.Devices", "src\AdbControl.Tools.Devices\AdbControl.Tools.Devices.csproj", "{AFDFDBE3-CA4B-467C-837E-32F3806810BC}"
EndProject
Project("{FAE04EC0-301F-11D3-BF4B-00C04F79EFBC}") = "AdbControl.Tools.Library", "src\AdbControl.Tools.Library\AdbControl.Tools.Library.csproj", "{962A1240-57BB-4DC0-871D-6AB2ABC96EDE}"
EndProject
Project("{FAE04EC0-301F-11D3-BF4B-00C04F79EFBC}") = "AdbControl.App", "src\AdbControl.App\AdbControl.App.csproj", "{DFF7C7C1-B8EC-475C-8244-0E1F435F3DAC}"
EndProject
Global
	GlobalSection(SolutionConfigurationPlatforms) = preSolution
		Debug|Any CPU = Debug|Any CPU
		Debug|x64 = Debug|x64
		Debug|x86 = Debug|x86
		Release|Any CPU = Release|Any CPU
		Release|x64 = Release|x64
		Release|x86 = Release|x86
	EndGlobalSection
	GlobalSection(ProjectConfigurationPlatforms) = postSolution
		{C69044E0-A8E1-4571-90C4-5366A86CF0EA}.Debug|Any CPU.ActiveCfg = Debug|Any CPU
		{C69044E0-A8E1-4571-90C4-5366A86CF0EA}.Debug|Any CPU.Build.0 = Debug|Any CPU
		{C69044E0-A8E1-4571-90C4-5366A86CF0EA}.Debug|x64.ActiveCfg = Debug|Any CPU
		{C69044E0-A8E1-4571-90C4-5366A86CF0EA}.Debug|x64.Build.0 = Debug|Any CPU
		{C69044E0-A8E1-4571-90C4-5366A86CF0EA}.Debug|x86.ActiveCfg = Debug|Any CPU
		{C69044E0-A8E1-4571-90C4-5366A86CF0EA}.Debug|x86.Build.0 = Debug|Any CPU
		{C69044E0-A8E1-4571-90C4-5366A86CF0EA}.Release|Any CPU.ActiveCfg = Release|Any CPU
		{C69044E0-A8E1-4571-90C4-5366A86CF0EA}.Release|Any CPU.Build.0 = Release|Any CPU
		{C69044E0-A8E1-4571-90C4-5366A86CF0EA}.Release|x64.ActiveCfg = Release|Any CPU
		{C69044E0-A8E1-4571-90C4-5366A86CF0EA}.Release|x64.Build.0 = Release|Any CPU
		{C69044E0-A8E1-4571-90C4-5366A86CF0EA}.Release|x86.ActiveCfg = Release|Any CPU
		{C69044E0-A8E1-4571-90C4-5366A86CF0EA}.Release|x86.Build.0 = Release|Any CPU
		{345C3F0D-8852-4A5A-ACFA-7315145CD553}.Debug|Any CPU.ActiveCfg = Debug|Any CPU
		{345C3F0D-8852-4A5A-ACFA-7315145CD553}.Debug|Any CPU.Build.0 = Debug|Any CPU
		{345C3F0D-8852-4A5A-ACFA-7315145CD553}.Debug|x64.ActiveCfg = Debug|Any CPU
		{345C3F0D-8852-4A5A-ACFA-7315145CD553}.Debug|x64.Build.0 = Debug|Any CPU
		{345C3F0D-8852-4A5A-ACFA-7315145CD553}.Debug|x86.ActiveCfg = Debug|Any CPU
		{345C3F0D-8852-4A5A-ACFA-7315145CD553}.Debug|x86.Build.0 = Debug|Any CPU
		{345C3F0D-8852-4A5A-ACFA-7315145CD553}.Release|Any CPU.ActiveCfg = Release|Any CPU
		{345C3F0D-8852-4A5A-ACFA-7315145CD553}.Release|Any CPU.Build.0 = Release|Any CPU
		{345C3F0D-8852-4A5A-ACFA-7315145CD553}.Release|x64.ActiveCfg = Release|Any CPU
		{345C3F0D-8852-4A5A-ACFA-7315145CD553}.Release|x64.Build.0 = Release|Any CPU
		{345C3F0D-8852-4A5A-ACFA-7315145CD553}.Release|x86.ActiveCfg = Release|Any CPU
		{345C3F0D-8852-4A5A-ACFA-7315145CD553}.Release|x86.Build.0 = Release|Any CPU
		{55DB89E8-7AB1-45C0-9C73-331F7CB657CB}.Debug|Any CPU.ActiveCfg = Debug|Any CPU
		{55DB89E8-7AB1-45C0-9C73-331F7CB657CB}.Debug|Any CPU.Build.0 = Debug|Any CPU
		{55DB89E8-7AB1-45C0-9C73-331F7CB657CB}.Debug|x64.ActiveCfg = Debug|Any CPU
		{55DB89E8-7AB1-45C0-9C73-331F7CB657CB}.Debug|x64.Build.0 = Debug|Any CPU
		{55DB89E8-7AB1-45C0-9C73-331F7CB657CB}.Debug|x86.ActiveCfg = Debug|Any CPU
		{55DB89E8-7AB1-45C0-9C73-331F7CB657CB}.Debug|x86.Build.0 = Debug|Any CPU
		{55DB89E8-7AB1-45C0-9C73-331F7CB657CB}.Release|Any CPU.ActiveCfg = Release|Any CPU
		{55DB89E8-7AB1-45C0-9C73-331F7CB657CB}.Release|Any CPU.Build.0 = Release|Any CPU
		{55DB89E8-7AB1-45C0-9C73-331F7CB657CB}.Release|x64.ActiveCfg = Release|Any CPU
		{55DB89E8-7AB1-45C0-9C73-331F7CB657CB}.Release|x64.Build.0 = Release|Any CPU
		{55DB89E8-7AB1-45C0-9C73-331F7CB657CB}.Release|x86.ActiveCfg = Release|Any CPU
		{55DB89E8-7AB1-45C0-9C73-331F7CB657CB}.Release|x86.Build.0 = Release|Any CPU
		{9FFFDE7D-3D8B-46E3-8699-711BBA3B7F0A}.Debug|Any CPU.ActiveCfg = Debug|Any CPU
		{9FFFDE7D-3D8B-46E3-8699-711BBA3B7F0A}.Debug|Any CPU.Build.0 = Debug|Any CPU
		{9FFFDE7D-3D8B-46E3-8699-711BBA3B7F0A}.Debug|x64.ActiveCfg = Debug|Any CPU
		{9FFFDE7D-3D8B-46E3-8699-711BBA3B7F0A}.Debug|x64.Build.0 = Debug|Any CPU
		{9FFFDE7D-3D8B-46E3-8699-711BBA3B7F0A}.Debug|x86.ActiveCfg = Debug|Any CPU
		{9FFFDE7D-3D8B-46E3-8699-711BBA3B7F0A}.Debug|x86.Build.0 = Debug|Any CPU
		{9FFFDE7D-3D8B-46E3-8699-711BBA3B7F0A}.Release|Any CPU.ActiveCfg = Release|Any CPU
		{9FFFDE7D-3D8B-46E3-8699-711BBA3B7F0A}.Release|Any CPU.Build.0 = Release|Any CPU
		{9FFFDE7D-3D8B-46E3-8699-711BBA3B7F0A}.Release|x64.ActiveCfg = Release|Any CPU
		{9FFFDE7D-3D8B-46E3-8699-711BBA3B7F0A}.Release|x64.Build.0 = Release|Any CPU
		{9FFFDE7D-3D8B-46E3-8699-711BBA3B7F0A}.Release|x86.ActiveCfg = Release|Any CPU
		{9FFFDE7D-3D8B-46E3-8699-711BBA3B7F0A}.Release|x86.Build.0 = Release|Any CPU
		{7EC605E2-95CB-4441-BE36-688FAC572E65}.Debug|Any CPU.ActiveCfg = Debug|Any CPU
		{7EC605E2-95CB-4441-BE36-688FAC572E65}.Debug|Any CPU.Build.0 = Debug|Any CPU
		{7EC605E2-95CB-4441-BE36-688FAC572E65}.Debug|x64.ActiveCfg = Debug|Any CPU
		{7EC605E2-95CB-4441-BE36-688FAC572E65}.Debug|x64.Build.0 = Debug|Any CPU
		{7EC605E2-95CB-4441-BE36-688FAC572E65}.Debug|x86.ActiveCfg = Debug|Any CPU
		{7EC605E2-95CB-4441-BE36-688FAC572E65}.Debug|x86.Build.0 = Debug|Any CPU
		{7EC605E2-95CB-4441-BE36-688FAC572E65}.Release|Any CPU.ActiveCfg = Release|Any CPU
		{7EC605E2-95CB-4441-BE36-688FAC572E65}.Release|Any CPU.Build.0 = Release|Any CPU
		{7EC605E2-95CB-4441-BE36-688FAC572E65}.Release|x64.ActiveCfg = Release|Any CPU
		{7EC605E2-95CB-4441-BE36-688FAC572E65}.Release|x64.Build.0 = Release|Any CPU
		{7EC605E2-95CB-4441-BE36-688FAC572E65}.Release|x86.ActiveCfg = Release|Any CPU
		{7EC605E2-95CB-4441-BE36-688FAC572E65}.Release|x86.Build.0 = Release|Any CPU
		{AFDFDBE3-CA4B-467C-837E-32F3806810BC}.Debug|Any CPU.ActiveCfg = Debug|Any CPU
		{AFDFDBE3-CA4B-467C-837E-32F3806810BC}.Debug|Any CPU.Build.0 = Debug|Any CPU
		{AFDFDBE3-CA4B-467C-837E-32F3806810BC}.Debug|x64.ActiveCfg = Debug|Any CPU
		{AFDFDBE3-CA4B-467C-837E-32F3806810BC}.Debug|x64.Build.0 = Debug|Any CPU
		{AFDFDBE3-CA4B-467C-837E-32F3806810BC}.Debug|x86.ActiveCfg = Debug|Any CPU
		{AFDFDBE3-CA4B-467C-837E-32F3806810BC}.Debug|x86.Build.0 = Debug|Any CPU
		{AFDFDBE3-CA4B-467C-837E-32F3806810BC}.Release|Any CPU.ActiveCfg = Release|Any CPU
		{AFDFDBE3-CA4B-467C-837E-32F3806810BC}.Release|Any CPU.Build.0 = Release|Any CPU
		{AFDFDBE3-CA4B-467C-837E-32F3806810BC}.Release|x64.ActiveCfg = Release|Any CPU
		{AFDFDBE3-CA4B-467C-837E-32F3806810BC}.Release|x64.Build.0 = Release|Any CPU
		{AFDFDBE3-CA4B-467C-837E-32F3806810BC}.Release|x86.ActiveCfg = Release|Any CPU
		{AFDFDBE3-CA4B-467C-837E-32F3806810BC}.Release|x86.Build.0 = Release|Any CPU
		{962A1240-57BB-4DC0-871D-6AB2ABC96EDE}.Debug|Any CPU.ActiveCfg = Debug|Any CPU
		{962A1240-57BB-4DC0-871D-6AB2ABC96EDE}.Debug|Any CPU.Build.0 = Debug|Any CPU
		{962A1240-57BB-4DC0-871D-6AB2ABC96EDE}.Debug|x64.ActiveCfg = Debug|Any CPU
		{962A1240-57BB-4DC0-871D-6AB2ABC96EDE}.Debug|x64.Build.0 = Debug|Any CPU
		{962A1240-57BB-4DC0-871D-6AB2ABC96EDE}.Debug|x86.ActiveCfg = Debug|Any CPU
		{962A1240-57BB-4DC0-871D-6AB2ABC96EDE}.Debug|x86.Build.0 = Debug|Any CPU
		{962A1240-57BB-4DC0-871D-6AB2ABC96EDE}.Release|Any CPU.ActiveCfg = Release|Any CPU
		{962A1240-57BB-4DC0-871D-6AB2ABC96EDE}.Release|Any CPU.Build.0 = Release|Any CPU
		{962A1240-57BB-4DC0-871D-6AB2ABC96EDE}.Release|x64.ActiveCfg = Release|Any CPU
		{962A1240-57BB-4DC0-871D-6AB2ABC96EDE}.Release|x64.Build.0 = Release|Any CPU
		{962A1240-57BB-4DC0-871D-6AB2ABC96EDE}.Release|x86.ActiveCfg = Release|Any CPU
		{962A1240-57BB-4DC0-871D-6AB2ABC96EDE}.Release|x86.Build.0 = Release|Any CPU
		{DFF7C7C1-B8EC-475C-8244-0E1F435F3DAC}.Debug|Any CPU.ActiveCfg = Debug|Any CPU
		{DFF7C7C1-B8EC-475C-8244-0E1F435F3DAC}.Debug|Any CPU.Build.0 = Debug|Any CPU
		{DFF7C7C1-B8EC-475C-8244-0E1F435F3DAC}.Debug|x64.ActiveCfg = Debug|Any CPU
		{DFF7C7C1-B8EC-475C-8244-0E1F435F3DAC}.Debug|x64.Build.0 = Debug|Any CPU
		{DFF7C7C1-B8EC-475C-8244-0E1F435F3DAC}.Debug|x86.ActiveCfg = Debug|Any CPU
		{DFF7C7C1-B8EC-475C-8244-0E1F435F3DAC}.Debug|x86.Build.0 = Debug|Any CPU
		{DFF7C7C1-B8EC-475C-8244-0E1F435F3DAC}.Release|Any CPU.ActiveCfg = Release|Any CPU
		{DFF7C7C1-B8EC-475C-8244-0E1F435F3DAC}.Release|Any CPU.Build.0 = Release|Any CPU
		{DFF7C7C1-B8EC-475C-8244-0E1F435F3DAC}.Release|x64.ActiveCfg = Release|Any CPU
		{DFF7C7C1-B8EC-475C-8244-0E1F435F3DAC}.Release|x64.Build.0 = Release|Any CPU
		{DFF7C7C1-B8EC-475C-8244-0E1F435F3DAC}.Release|x86.ActiveCfg = Release|Any CPU
		{DFF7C7C1-B8EC-475C-8244-0E1F435F3DAC}.Release|x86.Build.0 = Release|Any CPU
	EndGlobalSection
	GlobalSection(SolutionProperties) = preSolution
		HideSolutionNode = FALSE
	EndGlobalSection
	GlobalSection(NestedProjects) = preSolution
		{C69044E0-A8E1-4571-90C4-5366A86CF0EA} = {827E0CD3-B72D-47B6-A68D-7590B98EB39B}
		{345C3F0D-8852-4A5A-ACFA-7315145CD553} = {827E0CD3-B72D-47B6-A68D-7590B98EB39B}
		{55DB89E8-7AB1-45C0-9C73-331F7CB657CB} = {827E0CD3-B72D-47B6-A68D-7590B98EB39B}
		{9FFFDE7D-3D8B-46E3-8699-711BBA3B7F0A} = {827E0CD3-B72D-47B6-A68D-7590B98EB39B}
		{7EC605E2-95CB-4441-BE36-688FAC572E65} = {827E0CD3-B72D-47B6-A68D-7590B98EB39B}
		{AFDFDBE3-CA4B-467C-837E-32F3806810BC} = {827E0CD3-B72D-47B6-A68D-7590B98EB39B}
		{962A1240-57BB-4DC0-871D-6AB2ABC96EDE} = {827E0CD3-B72D-47B6-A68D-7590B98EB39B}
		{DFF7C7C1-B8EC-475C-8244-0E1F435F3DAC} = {827E0CD3-B72D-47B6-A68D-7590B98EB39B}
	EndGlobalSection
EndGlobal
